
Microsoft Visual Studio Solution File, Format Version 11.00
# Visual Studio 2010
Project("{FAE04EC0-301F-11D3-BF4B-00C04F79EFBC}") = "SingleViewApplication", "SingleViewApplication\SingleViewApplication.csproj", "{4996EF0B-CA14-4135-BEB7-AF486CD131C4}"
EndProject
Global
	GlobalSection(SolutionConfigurationPlatforms) = preSolution
		Debug|iPhoneSimulator = Debug|iPhoneSimulator
		Release|iPhoneSimulator = Release|iPhoneSimulator
		Debug|iPhone = Debug|iPhone
		Release|iPhone = Release|iPhone
		Ad-Hoc|iPhone = Ad-Hoc|iPhone
		AppStore|iPhone = AppStore|iPhone
	EndGlobalSection
	GlobalSection(ProjectConfigurationPlatforms) = postSolution
		{4996EF0B-CA14-4135-BEB7-AF486CD131C4}.Ad-Hoc|iPhone.ActiveCfg = Ad-Hoc|iPhone
		{4996EF0B-CA14-4135-BEB7-AF486CD131C4}.Ad-Hoc|iPhone.Build.0 = Ad-Hoc|iPhone
		{4996EF0B-CA14-4135-BEB7-AF486CD131C4}.AppStore|iPhone.ActiveCfg = AppStore|iPhone
		{4996EF0B-CA14-4135-BEB7-AF486CD131C4}.AppStore|iPhone.Build.0 = AppStore|iPhone
		{4996EF0B-CA14-4135-BEB7-AF486CD131C4}.Debug|iPhone.ActiveCfg = Debug|iPhone
		{4996EF0B-CA14-4135-BEB7-AF486CD131C4}.Debug|iPhone.Build.0 = Debug|iPhone
		{4996EF0B-CA14-4135-BEB7-AF486CD131C4}.Debug|iPhoneSimulator.ActiveCfg = Debug|iPhoneSimulator
		{4996EF0B-CA14-4135-BEB7-AF486CD131C4}.Debug|iPhoneSimulator.Build.0 = Debug|iPhoneSimulator
		{4996EF0B-CA14-4135-BEB7-AF486CD131C4}.Release|iPhone.ActiveCfg = Release|iPhone
		{4996EF0B-CA14-4135-BEB7-AF486CD131C4}.Release|iPhone.Build.0 = Release|iPhone
		{4996EF0B-CA14-4135-BEB7-AF486CD131C4}.Release|iPhoneSimulator.ActiveCfg = Release|iPhoneSimulator
		{4996EF0B-CA14-4135-BEB7-AF486CD131C4}.Release|iPhoneSimulator.Build.0 = Release|iPhoneSimulator
	EndGlobalSection
	GlobalSection(MonoDevelopProperties) = preSolution
		StartupItem = SingleViewApplication\SingleViewApplication.csproj
	EndGlobalSection
EndGlobal
